
Microsoft Visual Studio Solution File, Format Version 12.00
# Visual Studio 15
VisualStudioVersion = 15.0.27130.2010
MinimumVisualStudioVersion = 10.0.40219.1
Project("{FAE04EC0-301F-11D3-BF4B-00C04F79EFBC}") = "LosslessTextCompression_v2", "LosslessTextCompression_v2\LosslessTextCompression_v2.csproj", "{4A96F29E-8A40-4E0E-8EEA-CA3516C66CFB}"
EndProject
Project("{FAE04EC0-301F-11D3-BF4B-00C04F79EFBC}") = "HuffmanAlg", "HuffmanAlg\HuffmanAlg.csproj", "{30961D49-21AA-4BC4-94BD-F97925B29B12}"
EndProject
Project("{FAE04EC0-301F-11D3-BF4B-00C04F79EFBC}") = "AdaptiveHuffmanCode", "AdaptiveHuffmanAlgorithm\AdaptiveHuffmanCode.csproj", "{2B690633-E0B3-4B63-817D-D48670CE897C}"
EndProject
Global
	GlobalSection(SolutionConfigurationPlatforms) = preSolution
		Debug|Any CPU = Debug|Any CPU
		Debug|x64 = Debug|x64
		Debug|x86 = Debug|x86
		Release|Any CPU = Release|Any CPU
		Release|x64 = Release|x64
		Release|x86 = Release|x86
	EndGlobalSection
	GlobalSection(ProjectConfigurationPlatforms) = postSolution
		{4A96F29E-8A40-4E0E-8EEA-CA3516C66CFB}.Debug|Any CPU.ActiveCfg = Debug|Any CPU
		{4A96F29E-8A40-4E0E-8EEA-CA3516C66CFB}.Debug|Any CPU.Build.0 = Debug|Any CPU
		{4A96F29E-8A40-4E0E-8EEA-CA3516C66CFB}.Debug|x64.ActiveCfg = Debug|Any CPU
		{4A96F29E-8A40-4E0E-8EEA-CA3516C66CFB}.Debug|x64.Build.0 = Debug|Any CPU
		{4A96F29E-8A40-4E0E-8EEA-CA3516C66CFB}.Debug|x86.ActiveCfg = Debug|Any CPU
		{4A96F29E-8A40-4E0E-8EEA-CA3516C66CFB}.Debug|x86.Build.0 = Debug|Any CPU
		{4A96F29E-8A40-4E0E-8EEA-CA3516C66CFB}.Release|Any CPU.ActiveCfg = Release|Any CPU
		{4A96F29E-8A40-4E0E-8EEA-CA3516C66CFB}.Release|Any CPU.Build.0 = Release|Any CPU
		{4A96F29E-8A40-4E0E-8EEA-CA3516C66CFB}.Release|x64.ActiveCfg = Release|Any CPU
		{4A96F29E-8A40-4E0E-8EEA-CA3516C66CFB}.Release|x64.Build.0 = Release|Any CPU
		{4A96F29E-8A40-4E0E-8EEA-CA3516C66CFB}.Release|x86.ActiveCfg = Release|Any CPU
		{4A96F29E-8A40-4E0E-8EEA-CA3516C66CFB}.Release|x86.Build.0 = Release|Any CPU
		{30961D49-21AA-4BC4-94BD-F97925B29B12}.Debug|Any CPU.ActiveCfg = Debug|Any CPU
		{30961D49-21AA-4BC4-94BD-F97925B29B12}.Debug|Any CPU.Build.0 = Debug|Any CPU
		{30961D49-21AA-4BC4-94BD-F97925B29B12}.Debug|x64.ActiveCfg = Debug|Any CPU
		{30961D49-21AA-4BC4-94BD-F97925B29B12}.Debug|x64.Build.0 = Debug|Any CPU
		{30961D49-21AA-4BC4-94BD-F97925B29B12}.Debug|x86.ActiveCfg = Debug|Any CPU
		{30961D49-21AA-4BC4-94BD-F97925B29B12}.Debug|x86.Build.0 = Debug|Any CPU
		{30961D49-21AA-4BC4-94BD-F97925B29B12}.Release|Any CPU.ActiveCfg = Release|Any CPU
		{30961D49-21AA-4BC4-94BD-F97925B29B12}.Release|Any CPU.Build.0 = Release|Any CPU
		{30961D49-21AA-4BC4-94BD-F97925B29B12}.Release|x64.ActiveCfg = Release|Any CPU
		{30961D49-21AA-4BC4-94BD-F97925B29B12}.Release|x64.Build.0 = Release|Any CPU
		{30961D49-21AA-4BC4-94BD-F97925B29B12}.Release|x86.ActiveCfg = Release|Any CPU
		{30961D49-21AA-4BC4-94BD-F97925B29B12}.Release|x86.Build.0 = Release|Any CPU
		{2B690633-E0B3-4B63-817D-D48670CE897C}.Debug|Any CPU.ActiveCfg = Debug|Any CPU
		{2B690633-E0B3-4B63-817D-D48670CE897C}.Debug|Any CPU.Build.0 = Debug|Any CPU
		{2B690633-E0B3-4B63-817D-D48670CE897C}.Debug|x64.ActiveCfg = Debug|Any CPU
		{2B690633-E0B3-4B63-817D-D48670CE897C}.Debug|x64.Build.0 = Debug|Any CPU
		{2B690633-E0B3-4B63-817D-D48670CE897C}.Debug|x86.ActiveCfg = Debug|Any CPU
		{2B690633-E0B3-4B63-817D-D48670CE897C}.Debug|x86.Build.0 = Debug|Any CPU
		{2B690633-E0B3-4B63-817D-D48670CE897C}.Release|Any CPU.ActiveCfg = Release|Any CPU
		{2B690633-E0B3-4B63-817D-D48670CE897C}.Release|Any CPU.Build.0 = Release|Any CPU
		{2B690633-E0B3-4B63-817D-D48670CE897C}.Release|x64.ActiveCfg = Release|Any CPU
		{2B690633-E0B3-4B63-817D-D48670CE897C}.Release|x64.Build.0 = Release|Any CPU
		{2B690633-E0B3-4B63-817D-D48670CE897C}.Release|x86.ActiveCfg = Release|Any CPU
		{2B690633-E0B3-4B63-817D-D48670CE897C}.Release|x86.Build.0 = Release|Any CPU
	EndGlobalSection
	GlobalSection(SolutionProperties) = preSolution
		HideSolutionNode = FALSE
	EndGlobalSection
	GlobalSection(ExtensibilityGlobals) = postSolution
		SolutionGuid = {F4083FBA-85D8-4D79-8BEF-39F9B2EA068B}
	EndGlobalSection
EndGlobal
