
Microsoft Visual Studio Solution File, Format Version 12.00
# Visual Studio 15
VisualStudioVersion = 15.0.27130.2010
MinimumVisualStudioVersion = 10.0.40219.1
Project("{FAE04EC0-301F-11D3-BF4B-00C04F79EFBC}") = "LosslessTextCompression_v2", "LosslessTextCompression_v2\LosslessTextCompression_v2.csproj", "{4A96F29E-8A40-4E0E-8EEA-CA3516C66CFB}"
EndProject
Project("{FAE04EC0-301F-11D3-BF4B-00C04F79EFBC}") = "HuffmanAdaptiveCode", "HuffmanAdaptiveCode\HuffmanAdaptiveCode.csproj", "{2DC9AD02-2F0B-40AD-827D-421F0AC12221}"
EndProject
Project("{FAE04EC0-301F-11D3-BF4B-00C04F79EFBC}") = "HuffmanCode", "HuffmanCode\HuffmanCode.csproj", "{78C41D5C-8277-41B5-9F2D-E8C0E6ED8D22}"
EndProject
Project("{FAE04EC0-301F-11D3-BF4B-00C04F79EFBC}") = "HuffmanAlgoClient", "HuffmanAlgoClient\HuffmanAlgoClient.csproj", "{F970A292-5383-4CEA-85F4-9CA95C3997A9}"
EndProject
Global
	GlobalSection(SolutionConfigurationPlatforms) = preSolution
		Debug|Any CPU = Debug|Any CPU
		Debug|x64 = Debug|x64
		Debug|x86 = Debug|x86
		Release|Any CPU = Release|Any CPU
		Release|x64 = Release|x64
		Release|x86 = Release|x86
	EndGlobalSection
	GlobalSection(ProjectConfigurationPlatforms) = postSolution
		{4A96F29E-8A40-4E0E-8EEA-CA3516C66CFB}.Debug|Any CPU.ActiveCfg = Debug|Any CPU
		{4A96F29E-8A40-4E0E-8EEA-CA3516C66CFB}.Debug|Any CPU.Build.0 = Debug|Any CPU
		{4A96F29E-8A40-4E0E-8EEA-CA3516C66CFB}.Debug|x64.ActiveCfg = Debug|Any CPU
		{4A96F29E-8A40-4E0E-8EEA-CA3516C66CFB}.Debug|x64.Build.0 = Debug|Any CPU
		{4A96F29E-8A40-4E0E-8EEA-CA3516C66CFB}.Debug|x86.ActiveCfg = Debug|Any CPU
		{4A96F29E-8A40-4E0E-8EEA-CA3516C66CFB}.Debug|x86.Build.0 = Debug|Any CPU
		{4A96F29E-8A40-4E0E-8EEA-CA3516C66CFB}.Release|Any CPU.ActiveCfg = Release|Any CPU
		{4A96F29E-8A40-4E0E-8EEA-CA3516C66CFB}.Release|Any CPU.Build.0 = Release|Any CPU
		{4A96F29E-8A40-4E0E-8EEA-CA3516C66CFB}.Release|x64.ActiveCfg = Release|Any CPU
		{4A96F29E-8A40-4E0E-8EEA-CA3516C66CFB}.Release|x64.Build.0 = Release|Any CPU
		{4A96F29E-8A40-4E0E-8EEA-CA3516C66CFB}.Release|x86.ActiveCfg = Release|Any CPU
		{4A96F29E-8A40-4E0E-8EEA-CA3516C66CFB}.Release|x86.Build.0 = Release|Any CPU
		{2DC9AD02-2F0B-40AD-827D-421F0AC12221}.Debug|Any CPU.ActiveCfg = Debug|Any CPU
		{2DC9AD02-2F0B-40AD-827D-421F0AC12221}.Debug|Any CPU.Build.0 = Debug|Any CPU
		{2DC9AD02-2F0B-40AD-827D-421F0AC12221}.Debug|x64.ActiveCfg = Debug|Any CPU
		{2DC9AD02-2F0B-40AD-827D-421F0AC12221}.Debug|x64.Build.0 = Debug|Any CPU
		{2DC9AD02-2F0B-40AD-827D-421F0AC12221}.Debug|x86.ActiveCfg = Debug|Any CPU
		{2DC9AD02-2F0B-40AD-827D-421F0AC12221}.Debug|x86.Build.0 = Debug|Any CPU
		{2DC9AD02-2F0B-40AD-827D-421F0AC12221}.Release|Any CPU.ActiveCfg = Release|Any CPU
		{2DC9AD02-2F0B-40AD-827D-421F0AC12221}.Release|Any CPU.Build.0 = Release|Any CPU
		{2DC9AD02-2F0B-40AD-827D-421F0AC12221}.Release|x64.ActiveCfg = Release|Any CPU
		{2DC9AD02-2F0B-40AD-827D-421F0AC12221}.Release|x64.Build.0 = Release|Any CPU
		{2DC9AD02-2F0B-40AD-827D-421F0AC12221}.Release|x86.ActiveCfg = Release|Any CPU
		{2DC9AD02-2F0B-40AD-827D-421F0AC12221}.Release|x86.Build.0 = Release|Any CPU
		{78C41D5C-8277-41B5-9F2D-E8C0E6ED8D22}.Debug|Any CPU.ActiveCfg = Debug|Any CPU
		{78C41D5C-8277-41B5-9F2D-E8C0E6ED8D22}.Debug|Any CPU.Build.0 = Debug|Any CPU
		{78C41D5C-8277-41B5-9F2D-E8C0E6ED8D22}.Debug|x64.ActiveCfg = Debug|Any CPU
		{78C41D5C-8277-41B5-9F2D-E8C0E6ED8D22}.Debug|x64.Build.0 = Debug|Any CPU
		{78C41D5C-8277-41B5-9F2D-E8C0E6ED8D22}.Debug|x86.ActiveCfg = Debug|Any CPU
		{78C41D5C-8277-41B5-9F2D-E8C0E6ED8D22}.Debug|x86.Build.0 = Debug|Any CPU
		{78C41D5C-8277-41B5-9F2D-E8C0E6ED8D22}.Release|Any CPU.ActiveCfg = Release|Any CPU
		{78C41D5C-8277-41B5-9F2D-E8C0E6ED8D22}.Release|Any CPU.Build.0 = Release|Any CPU
		{78C41D5C-8277-41B5-9F2D-E8C0E6ED8D22}.Release|x64.ActiveCfg = Release|Any CPU
		{78C41D5C-8277-41B5-9F2D-E8C0E6ED8D22}.Release|x64.Build.0 = Release|Any CPU
		{78C41D5C-8277-41B5-9F2D-E8C0E6ED8D22}.Release|x86.ActiveCfg = Release|Any CPU
		{78C41D5C-8277-41B5-9F2D-E8C0E6ED8D22}.Release|x86.Build.0 = Release|Any CPU
		{F970A292-5383-4CEA-85F4-9CA95C3997A9}.Debug|Any CPU.ActiveCfg = Debug|Any CPU
		{F970A292-5383-4CEA-85F4-9CA95C3997A9}.Debug|Any CPU.Build.0 = Debug|Any CPU
		{F970A292-5383-4CEA-85F4-9CA95C3997A9}.Debug|x64.ActiveCfg = Debug|Any CPU
		{F970A292-5383-4CEA-85F4-9CA95C3997A9}.Debug|x64.Build.0 = Debug|Any CPU
		{F970A292-5383-4CEA-85F4-9CA95C3997A9}.Debug|x86.ActiveCfg = Debug|Any CPU
		{F970A292-5383-4CEA-85F4-9CA95C3997A9}.Debug|x86.Build.0 = Debug|Any CPU
		{F970A292-5383-4CEA-85F4-9CA95C3997A9}.Release|Any CPU.ActiveCfg = Release|Any CPU
		{F970A292-5383-4CEA-85F4-9CA95C3997A9}.Release|Any CPU.Build.0 = Release|Any CPU
		{F970A292-5383-4CEA-85F4-9CA95C3997A9}.Release|x64.ActiveCfg = Release|Any CPU
		{F970A292-5383-4CEA-85F4-9CA95C3997A9}.Release|x64.Build.0 = Release|Any CPU
		{F970A292-5383-4CEA-85F4-9CA95C3997A9}.Release|x86.ActiveCfg = Release|Any CPU
		{F970A292-5383-4CEA-85F4-9CA95C3997A9}.Release|x86.Build.0 = Release|Any CPU
	EndGlobalSection
	GlobalSection(SolutionProperties) = preSolution
		HideSolutionNode = FALSE
	EndGlobalSection
	GlobalSection(ExtensibilityGlobals) = postSolution
		SolutionGuid = {F4083FBA-85D8-4D79-8BEF-39F9B2EA068B}
	EndGlobalSection
EndGlobal
